
Microsoft Visual Studio Solution File, Format Version 12.00
# Visual Studio Version 16
VisualStudioVersion = 16.0.31402.337
MinimumVisualStudioVersion = 10.0.40219.1
Project("{FAE04EC0-301F-11D3-BF4B-00C04F79EFBC}") = "SuperShopManagementSystem", "SuperShopManagementSystem\SuperShopManagementSystem.csproj", "{787117B7-A321-43E6-A43B-8D0A75899CCD}"
EndProject
Global
	GlobalSection(SolutionConfigurationPlatforms) = preSolution
		Debug|Any CPU = Debug|Any CPU
		Release|Any CPU = Release|Any CPU
	EndGlobalSection
	GlobalSection(ProjectConfigurationPlatforms) = postSolution
		{787117B7-A321-43E6-A43B-8D0A75899CCD}.Debug|Any CPU.ActiveCfg = Debug|Any CPU
		{787117B7-A321-43E6-A43B-8D0A75899CCD}.Debug|Any CPU.Build.0 = Debug|Any CPU
		{787117B7-A321-43E6-A43B-8D0A75899CCD}.Release|Any CPU.ActiveCfg = Release|Any CPU
		{787117B7-A321-43E6-A43B-8D0A75899CCD}.Release|Any CPU.Build.0 = Release|Any CPU
	EndGlobalSection
	GlobalSection(SolutionProperties) = preSolution
		HideSolutionNode = FALSE
	EndGlobalSection
	GlobalSection(ExtensibilityGlobals) = postSolution
		SolutionGuid = {D526A497-7495-4AEE-89DB-559C99525A76}
	EndGlobalSection
EndGlobal
